
Microsoft Visual Studio Solution File, Format Version 12.00
# Visual Studio Version 17
VisualStudioVersion = 17.2.32519.379
MinimumVisualStudioVersion = 10.0.40219.1
Project("{9A19103F-16F7-4668-BE54-9A1E7A4F7556}") = "SchoolJournal.Data", "SchoolJournal.Data\SchoolJournal.Data.csproj", "{386A2E90-6A05-4FFE-A055-856211CAA313}"
EndProject
Project("{9A19103F-16F7-4668-BE54-9A1E7A4F7556}") = "SchoolJournal", "SchoolJournal\SchoolJournal.csproj", "{8A5AFA50-2DB1-42C4-918E-8E224322FFA1}"
EndProject
Project("{9A19103F-16F7-4668-BE54-9A1E7A4F7556}") = "CustomLog", "CustomLog\CustomLog.csproj", "{05526590-7890-43C7-88DB-9E344F27EB8D}"
EndProject
Project("{FAE04EC0-301F-11D3-BF4B-00C04F79EFBC}") = "SchoolJournal.Test", "SchoolJournal.Test\SchoolJournal.Test.csproj", "{AEAA336D-5FCB-413C-942F-8400231EA0E9}"
EndProject
Global
	GlobalSection(SolutionConfigurationPlatforms) = preSolution
		Debug|Any CPU = Debug|Any CPU
		Release|Any CPU = Release|Any CPU
	EndGlobalSection
	GlobalSection(ProjectConfigurationPlatforms) = postSolution
		{386A2E90-6A05-4FFE-A055-856211CAA313}.Debug|Any CPU.ActiveCfg = Debug|Any CPU
		{386A2E90-6A05-4FFE-A055-856211CAA313}.Debug|Any CPU.Build.0 = Debug|Any CPU
		{386A2E90-6A05-4FFE-A055-856211CAA313}.Release|Any CPU.ActiveCfg = Release|Any CPU
		{386A2E90-6A05-4FFE-A055-856211CAA313}.Release|Any CPU.Build.0 = Release|Any CPU
		{8A5AFA50-2DB1-42C4-918E-8E224322FFA1}.Debug|Any CPU.ActiveCfg = Debug|Any CPU
		{8A5AFA50-2DB1-42C4-918E-8E224322FFA1}.Debug|Any CPU.Build.0 = Debug|Any CPU
		{8A5AFA50-2DB1-42C4-918E-8E224322FFA1}.Release|Any CPU.ActiveCfg = Release|Any CPU
		{8A5AFA50-2DB1-42C4-918E-8E224322FFA1}.Release|Any CPU.Build.0 = Release|Any CPU
		{05526590-7890-43C7-88DB-9E344F27EB8D}.Debug|Any CPU.ActiveCfg = Debug|Any CPU
		{05526590-7890-43C7-88DB-9E344F27EB8D}.Debug|Any CPU.Build.0 = Debug|Any CPU
		{05526590-7890-43C7-88DB-9E344F27EB8D}.Release|Any CPU.ActiveCfg = Release|Any CPU
		{05526590-7890-43C7-88DB-9E344F27EB8D}.Release|Any CPU.Build.0 = Release|Any CPU
		{AEAA336D-5FCB-413C-942F-8400231EA0E9}.Debug|Any CPU.ActiveCfg = Debug|Any CPU
		{AEAA336D-5FCB-413C-942F-8400231EA0E9}.Debug|Any CPU.Build.0 = Debug|Any CPU
		{AEAA336D-5FCB-413C-942F-8400231EA0E9}.Release|Any CPU.ActiveCfg = Release|Any CPU
		{AEAA336D-5FCB-413C-942F-8400231EA0E9}.Release|Any CPU.Build.0 = Release|Any CPU
	EndGlobalSection
	GlobalSection(SolutionProperties) = preSolution
		HideSolutionNode = FALSE
	EndGlobalSection
	GlobalSection(ExtensibilityGlobals) = postSolution
		SolutionGuid = {06244430-E073-4A31-849A-C2138BED178C}
	EndGlobalSection
EndGlobal
