
Microsoft Visual Studio Solution File, Format Version 12.00
# Visual Studio Version 17
VisualStudioVersion = 17.2.32519.379
MinimumVisualStudioVersion = 10.0.40219.1
Project("{9A19103F-16F7-4668-BE54-9A1E7A4F7556}") = "LifeSpot", "LifeSpot.csproj", "{68D18ABF-BF58-432F-8830-0144077C1A9B}"
EndProject
Global
	GlobalSection(SolutionConfigurationPlatforms) = preSolution
		Debug|Any CPU = Debug|Any CPU
		Release|Any CPU = Release|Any CPU
	EndGlobalSection
	GlobalSection(ProjectConfigurationPlatforms) = postSolution
		{68D18ABF-BF58-432F-8830-0144077C1A9B}.Debug|Any CPU.ActiveCfg = Debug|Any CPU
		{68D18ABF-BF58-432F-8830-0144077C1A9B}.Debug|Any CPU.Build.0 = Debug|Any CPU
		{68D18ABF-BF58-432F-8830-0144077C1A9B}.Release|Any CPU.ActiveCfg = Release|Any CPU
		{68D18ABF-BF58-432F-8830-0144077C1A9B}.Release|Any CPU.Build.0 = Release|Any CPU
	EndGlobalSection
	GlobalSection(SolutionProperties) = preSolution
		HideSolutionNode = FALSE
	EndGlobalSection
	GlobalSection(ExtensibilityGlobals) = postSolution
		SolutionGuid = {B9DB27C1-69ED-4027-9084-3C229F638EAF}
	EndGlobalSection
EndGlobal
