
Microsoft Visual Studio Solution File, Format Version 12.00
# Visual Studio Version 17
VisualStudioVersion = 17.2.32519.379
MinimumVisualStudioVersion = 10.0.40219.1
Project("{FAE04EC0-301F-11D3-BF4B-00C04F79EFBC}") = "Task17.6.6", "Task17.6.6.csproj", "{71932E89-5521-4B52-A0DC-13BA3C7DC976}"
EndProject
Global
	GlobalSection(SolutionConfigurationPlatforms) = preSolution
		Debug|Any CPU = Debug|Any CPU
		Release|Any CPU = Release|Any CPU
	EndGlobalSection
	GlobalSection(ProjectConfigurationPlatforms) = postSolution
		{71932E89-5521-4B52-A0DC-13BA3C7DC976}.Debug|Any CPU.ActiveCfg = Debug|Any CPU
		{71932E89-5521-4B52-A0DC-13BA3C7DC976}.Debug|Any CPU.Build.0 = Debug|Any CPU
		{71932E89-5521-4B52-A0DC-13BA3C7DC976}.Release|Any CPU.ActiveCfg = Release|Any CPU
		{71932E89-5521-4B52-A0DC-13BA3C7DC976}.Release|Any CPU.Build.0 = Release|Any CPU
	EndGlobalSection
	GlobalSection(SolutionProperties) = preSolution
		HideSolutionNode = FALSE
	EndGlobalSection
	GlobalSection(ExtensibilityGlobals) = postSolution
		SolutionGuid = {0C8B73DA-2768-4016-A1FD-C0715531542A}
	EndGlobalSection
EndGlobal
