
Microsoft Visual Studio Solution File, Format Version 12.00
# Visual Studio Version 17
VisualStudioVersion = 17.2.32519.379
MinimumVisualStudioVersion = 10.0.40219.1
Project("{9A19103F-16F7-4668-BE54-9A1E7A4F7556}") = "TK_SocialNetwork", "TK_SocialNetwork.csproj", "{827889D2-4B2D-4992-B250-F5CC3BF4EA59}"
EndProject
Global
	GlobalSection(SolutionConfigurationPlatforms) = preSolution
		Debug|Any CPU = Debug|Any CPU
		Release|Any CPU = Release|Any CPU
	EndGlobalSection
	GlobalSection(ProjectConfigurationPlatforms) = postSolution
		{827889D2-4B2D-4992-B250-F5CC3BF4EA59}.Debug|Any CPU.ActiveCfg = Debug|Any CPU
		{827889D2-4B2D-4992-B250-F5CC3BF4EA59}.Debug|Any CPU.Build.0 = Debug|Any CPU
		{827889D2-4B2D-4992-B250-F5CC3BF4EA59}.Release|Any CPU.ActiveCfg = Release|Any CPU
		{827889D2-4B2D-4992-B250-F5CC3BF4EA59}.Release|Any CPU.Build.0 = Release|Any CPU
	EndGlobalSection
	GlobalSection(SolutionProperties) = preSolution
		HideSolutionNode = FALSE
	EndGlobalSection
	GlobalSection(ExtensibilityGlobals) = postSolution
		SolutionGuid = {04F1A8C3-C1C4-4837-BFA0-0B25906D1B33}
	EndGlobalSection
EndGlobal
