
Microsoft Visual Studio Solution File, Format Version 12.00
# Visual Studio Version 17
VisualStudioVersion = 17.2.32519.379
MinimumVisualStudioVersion = 10.0.40219.1
Project("{FAE04EC0-301F-11D3-BF4B-00C04F79EFBC}") = "UtilityBot_18", "UtilityBot_18.csproj", "{09A43C11-07A3-4056-888B-E3AD407B604D}"
EndProject
Global
	GlobalSection(SolutionConfigurationPlatforms) = preSolution
		Debug|Any CPU = Debug|Any CPU
		Release|Any CPU = Release|Any CPU
	EndGlobalSection
	GlobalSection(ProjectConfigurationPlatforms) = postSolution
		{09A43C11-07A3-4056-888B-E3AD407B604D}.Debug|Any CPU.ActiveCfg = Debug|Any CPU
		{09A43C11-07A3-4056-888B-E3AD407B604D}.Debug|Any CPU.Build.0 = Debug|Any CPU
		{09A43C11-07A3-4056-888B-E3AD407B604D}.Release|Any CPU.ActiveCfg = Release|Any CPU
		{09A43C11-07A3-4056-888B-E3AD407B604D}.Release|Any CPU.Build.0 = Release|Any CPU
	EndGlobalSection
	GlobalSection(SolutionProperties) = preSolution
		HideSolutionNode = FALSE
	EndGlobalSection
	GlobalSection(ExtensibilityGlobals) = postSolution
		SolutionGuid = {8247EE3E-B051-44B1-9271-899B82BF559F}
	EndGlobalSection
EndGlobal
