
Microsoft Visual Studio Solution File, Format Version 12.00
# Visual Studio Version 17
VisualStudioVersion = 17.2.32519.379
MinimumVisualStudioVersion = 10.0.40219.1
Project("{9A19103F-16F7-4668-BE54-9A1E7A4F7556}") = "BlogAppAPI", "BlogAppAPI\BlogAppAPI.csproj", "{826D8228-F58B-4623-B655-E40D64FFD3A3}"
EndProject
Global
	GlobalSection(SolutionConfigurationPlatforms) = preSolution
		Debug|Any CPU = Debug|Any CPU
		Release|Any CPU = Release|Any CPU
	EndGlobalSection
	GlobalSection(ProjectConfigurationPlatforms) = postSolution
		{826D8228-F58B-4623-B655-E40D64FFD3A3}.Debug|Any CPU.ActiveCfg = Debug|Any CPU
		{826D8228-F58B-4623-B655-E40D64FFD3A3}.Debug|Any CPU.Build.0 = Debug|Any CPU
		{826D8228-F58B-4623-B655-E40D64FFD3A3}.Release|Any CPU.ActiveCfg = Release|Any CPU
		{826D8228-F58B-4623-B655-E40D64FFD3A3}.Release|Any CPU.Build.0 = Release|Any CPU
	EndGlobalSection
	GlobalSection(SolutionProperties) = preSolution
		HideSolutionNode = FALSE
	EndGlobalSection
	GlobalSection(ExtensibilityGlobals) = postSolution
		SolutionGuid = {3339B022-AD3F-4995-A7C7-D1B6E8DA28AF}
	EndGlobalSection
EndGlobal
