
Microsoft Visual Studio Solution File, Format Version 12.00
# Visual Studio Version 17
VisualStudioVersion = 17.2.32519.379
MinimumVisualStudioVersion = 10.0.40219.1
Project("{9A19103F-16F7-4668-BE54-9A1E7A4F7556}") = "FirstApp", "FirstApp.csproj", "{0ADD1171-844E-44A4-91F5-2C7474E07E32}"
EndProject
Global
	GlobalSection(SolutionConfigurationPlatforms) = preSolution
		Debug|Any CPU = Debug|Any CPU
		Release|Any CPU = Release|Any CPU
	EndGlobalSection
	GlobalSection(ProjectConfigurationPlatforms) = postSolution
		{0ADD1171-844E-44A4-91F5-2C7474E07E32}.Debug|Any CPU.ActiveCfg = Debug|Any CPU
		{0ADD1171-844E-44A4-91F5-2C7474E07E32}.Debug|Any CPU.Build.0 = Debug|Any CPU
		{0ADD1171-844E-44A4-91F5-2C7474E07E32}.Release|Any CPU.ActiveCfg = Release|Any CPU
		{0ADD1171-844E-44A4-91F5-2C7474E07E32}.Release|Any CPU.Build.0 = Release|Any CPU
	EndGlobalSection
	GlobalSection(SolutionProperties) = preSolution
		HideSolutionNode = FALSE
	EndGlobalSection
	GlobalSection(ExtensibilityGlobals) = postSolution
		SolutionGuid = {07E2A0A6-D17C-407F-AC45-D62F7FDBBD1B}
	EndGlobalSection
EndGlobal
