
Microsoft Visual Studio Solution File, Format Version 12.00
# Visual Studio Version 17
VisualStudioVersion = 17.2.32519.379
MinimumVisualStudioVersion = 10.0.40219.1
Project("{FAE04EC0-301F-11D3-BF4B-00C04F79EFBC}") = "Task10.5", "Task10.5.csproj", "{D1AE6271-08AF-4998-B096-EB2EB6F6A237}"
EndProject
Global
	GlobalSection(SolutionConfigurationPlatforms) = preSolution
		Debug|Any CPU = Debug|Any CPU
		Release|Any CPU = Release|Any CPU
	EndGlobalSection
	GlobalSection(ProjectConfigurationPlatforms) = postSolution
		{D1AE6271-08AF-4998-B096-EB2EB6F6A237}.Debug|Any CPU.ActiveCfg = Debug|Any CPU
		{D1AE6271-08AF-4998-B096-EB2EB6F6A237}.Debug|Any CPU.Build.0 = Debug|Any CPU
		{D1AE6271-08AF-4998-B096-EB2EB6F6A237}.Release|Any CPU.ActiveCfg = Release|Any CPU
		{D1AE6271-08AF-4998-B096-EB2EB6F6A237}.Release|Any CPU.Build.0 = Release|Any CPU
	EndGlobalSection
	GlobalSection(SolutionProperties) = preSolution
		HideSolutionNode = FALSE
	EndGlobalSection
	GlobalSection(ExtensibilityGlobals) = postSolution
		SolutionGuid = {5F40A711-C33D-4A6C-83AF-AD1595FAA808}
	EndGlobalSection
EndGlobal
